{
  "lockfile_version": "1",
  "packages": {
    "github:NixOS/nixpkgs/nixpkgs-unstable": {
      "last_modified": "2026-10-07T09:43:42Z",
      "resolved": "github:NixOS/nixpkgs/39ad350a0602fa0a58a544344e3e9187526ea45c?lastModified=1791366222"
    },
    "gnumake": {
      "resolved": "github:NixOS/nixpkgs/ed142ab1b3a092c4d149245d0c4126a5d7ea00b0#gnumake",
      "source": "nixpkg",
      "systems": {
        "aarch64-darwin": {
          "outputs": [
            {
              "name": "man",
              "path": "/nix/store/b5lxm0lk6x1bix95n07cz810qfli84c5-gnumake-4.4.1-man",
              "default": true
            },
            {
              "path": "/nix/store/p15ia8pn2wxzdqaf07nrwdspfwsyrzyn-gnumake-4.4.1",
              "default": true
            }
          ]
        }
      }
    },
    "go@1.27": {
      "last_modified": "2026-10-07T09:43:42Z",
      "resolved": "github:NixOS/nixpkgs/39ad350a0602fa0a58a544344e3e9187526ea45c#go_1_27",
      "source": "devbox-search",
      "version": "1.27.1",
      "systems": {
        "aarch64-darwin": {
          "outputs": [
            {
              "name": "out",
              "path": "/nix/store/v0l8ihkyjdqqx97g0b8lkllicmalj0lq-go-1.27.1",
              "default": true
            }
          ],
          "store_path": "/nix/store/v0l8ihkyjdqqx97g0b8lkllicmalj0lq-go-1.27.1"
        },
        "aarch64-linux": {
          "outputs": [
            {
              "name": "out",
              "path": "/nix/store/ba7p38wfl0pm8c1k4a7x9z35yk8kv719-go-1.27.1",
              "default": true
            }
          ],
          "store_path": "/nix/store/ba7p38wfl0pm8c1k4a7x9z35yk8kv719-go-1.27.1"
        },
        "x86_64-linux": {
          "outputs": [
            {
              "name": "out",
              "path": "/nix/store/pn86sk63a2lpmwx16vj4s5871slkyzfw-go-1.27.1",
              "default": true
            }
          ],
          "store_path": "/nix/store/pn86sk63a2lpmwx16vj4s5871slkyzfw-go-1.27.1"
        }
      }
    },
    "python313Packages.pip": {
      "resolved": "github:NixOS/nixpkgs/ed142ab1b3a092c4d149245d0c4126a5d7ea00b0#python313Packages.pip",
      "source": "nixpkg",
      "systems": {
        "aarch64-darwin": {
          "outputs": [
            {
              "path": "/nix/store/ck2mg09wq2rs9wlp85zdg56bixcjf9r3-python3.13-pip-25.0.1",
              "default": true
            },
            {
              "name": "man",
              "path": "/nix/store/cfmlr6zisdzk8zkm9s0fv821c73wh4gy-python3.13-pip-25.0.1-man",
              "default": true
            }
          ]
        }
      }
    },
    "python@3.13": {
      "last_modified": "2026-10-07T09:43:42Z",
      "plugin_version": "0.0.5",
      "resolved": "github:NixOS/nixpkgs/39ad350a0602fa0a58a544344e3e9187526ea45c#python313",
      "source": "devbox-search",
      "version": "3.13.15",
      "systems": {
        "aarch64-darwin": {
          "outputs": [
            {
              "name": "out",
              "path": "/nix/store/ydlh8id2c98nnlhiy87hwhalg501p1j5-python3-3.13.15",
              "default": true
            }
          ],
          "store_path": "/nix/store/ydlh8id2c98nnlhiy87hwhalg501p1j5-python3-3.13.15"
        },
        "aarch64-linux": {
          "outputs": [
            {
              "name": "out",
              "path": "/nix/store/v3n38bhgkjylj7wxk2shklk6yavasxnh-python3-3.13.15",
              "default": true
            },
            {
              "name": "debug",
              "path": "/nix/store/cd7vbs9y5f0x2mglwja1754sgvnvrdvh-python3-3.13.15-debug"
            }
          ],
          "store_path": "/nix/store/v3n38bhgkjylj7wxk2shklk6yavasxnh-python3-3.13.15"
        },
        "x86_64-linux": {
          "outputs": [
            {
              "name": "out",
              "path": "/nix/store/3gzjs8czrk47y7cpmr44jc568vqpb2p5-python3-3.13.15",
              "default": true
            },
            {
              "name": "debug",
              "path": "/nix/store/r61fvgv4bavfaqiha0p6869jv4c0h488-python3-3.13.15-debug"
            }
          ],
          "store_path": "/nix/store/3gzjs8czrk47y7cpmr44jc568vqpb2p5-python3-3.13.15"
        }
      }
    }
  }
}
