{
  "lockfile_version": "1",
  "packages": {
    "github:NixOS/nixpkgs/nixpkgs-unstable": {
      "last_modified": "2026-10-07T09:43:42Z",
      "resolved": "github:NixOS/nixpkgs/39ad350a0602fa0a58a544344e3e9187526ea45c?lastModified=1791366222"
    },
    "gnumake": {
      "resolved": "github:NixOS/nixpkgs/ed142ab1b3a092c4d149245d0c4126a5d7ea00b0#gnumake",
      "source": "nixpkg",
      "systems": {
        "aarch64-darwin": {
          "outputs": [
            {
              "name": "man",
              "path": "/nix/store/b5lxm0lk6x1bix95n07cz810qfli84c5-gnumake-4.4.1-man",
              "default": true
            },
            {
              "path": "/nix/store/p15ia8pn2wxzdqaf07nrwdspfwsyrzyn-gnumake-4.4.1",
              "default": true
            }
          ]
        }
      }
    },
    "go@1.27": {
      "last_modified": "2026-10-07T09:43:42Z",
      "resolved": "github:NixOS/nixpkgs/39ad350a0602fa0a58a544344e3e9187526ea45c#go_1_27",
      "source": "devbox-search",
      "version": "1.27.1",
      "systems": {
        "aarch64-darwin": {
          "outputs": [
            {
              "name": "out",
              "path": "/nix/store/v0l8ihkyjdqqx97g0b8lkllicmalj0lq-go-1.27.1",
              "default": true
            }
          ],
          "store_path": "/nix/store/v0l8ihkyjdqqx97g0b8lkllicmalj0lq-go-1.27.1"
        },
        "aarch64-linux": {
          "outputs": [
            {
              "name": "out",
              "path": "/nix/store/ba7p38wfl0pm8c1k4a7x9z35yk8kv719-go-1.27.1",
              "default": true
            }
          ],
          "store_path": "/nix/store/ba7p38wfl0pm8c1k4a7x9z35yk8kv719-go-1.27.1"
        },
        "x86_64-linux": {
          "outputs": [
            {
              "name": "out",
              "path": "/nix/store/pn86sk63a2lpmwx16vj4s5871slkyzfw-go-1.27.1",
              "default": true
            }
          ],
          "store_path": "/nix/store/pn86sk63a2lpmwx16vj4s5871slkyzfw-go-1.27.1"
        }
      }
    },
    "python314Packages.pip": {
      "last_modified": "2026-10-07T09:43:42Z",
      "resolved": "github:NixOS/nixpkgs/39ad350a0602fa0a58a544344e3e9187526ea45c#python314Packages.pip",
      "source": "devbox-search",
      "version": "26.1.2",
      "systems": {
        "aarch64-darwin": {
          "outputs": [
            {
              "name": "out",
              "path": "/nix/store/vll3cabx42phqn5xfzzbjg5i4683jsjx-python3.14-pip-26.1.2",
              "default": true
            },
            {
              "name": "man",
              "path": "/nix/store/6g9q6ml7q1w92qvh3r0mslvd0czysy0p-python3.14-pip-26.1.2-man",
              "default": true
            },
            {
              "name": "dist",
              "path": "/nix/store/3gdv5r78qbyfpadfh7vivsx8mna8ijws-python3.14-pip-26.1.2-dist"
            }
          ],
          "store_path": "/nix/store/vll3cabx42phqn5xfzzbjg5i4683jsjx-python3.14-pip-26.1.2"
        },
        "aarch64-linux": {
          "outputs": [
            {
              "name": "out",
              "path": "/nix/store/50yq8k48c2qn8xqa60kg5dbr8whnw0zn-python3.14-pip-26.1.2",
              "default": true
            },
            {
              "name": "man",
              "path": "/nix/store/axa739j3y8hzl0dpsigppf96z32xjlcn-python3.14-pip-26.1.2-man",
              "default": true
            },
            {
              "name": "dist",
              "path": "/nix/store/5gm2n0kqyy1fzd0v1a4j7kpvxakn0wm2-python3.14-pip-26.1.2-dist"
            }
          ],
          "store_path": "/nix/store/50yq8k48c2qn8xqa60kg5dbr8whnw0zn-python3.14-pip-26.1.2"
        },
        "x86_64-linux": {
          "outputs": [
            {
              "name": "out",
              "path": "/nix/store/ljy6z6bzrpja4wffmh9yk5gmdma2n9cn-python3.14-pip-26.1.2",
              "default": true
            },
            {
              "name": "man",
              "path": "/nix/store/090zzggd3j0mbmpimnbsl2zv4dfjjpyz-python3.14-pip-26.1.2-man",
              "default": true
            },
            {
              "name": "dist",
              "path": "/nix/store/gnf81dm67l9jl4v7lxc4zfww4k1zh6bq-python3.14-pip-26.1.2-dist"
            }
          ],
          "store_path": "/nix/store/ljy6z6bzrpja4wffmh9yk5gmdma2n9cn-python3.14-pip-26.1.2"
        }
      }
    },
    "python@3.14": {
      "last_modified": "2026-10-07T09:43:42Z",
      "plugin_version": "0.0.5",
      "resolved": "github:NixOS/nixpkgs/39ad350a0602fa0a58a544344e3e9187526ea45c#python3",
      "source": "devbox-search",
      "version": "3.14.7",
      "systems": {
        "aarch64-darwin": {
          "outputs": [
            {
              "name": "out",
              "path": "/nix/store/0kcws5blwbdyxqxjd1w8hjipz61xny3k-python3-3.14.7",
              "default": true
            }
          ],
          "store_path": "/nix/store/0kcws5blwbdyxqxjd1w8hjipz61xny3k-python3-3.14.7"
        },
        "aarch64-linux": {
          "outputs": [
            {
              "name": "out",
              "path": "/nix/store/81ag9nxz1flw3xjkv1vvqg8y2ipx2ins-python3-3.14.7",
              "default": true
            },
            {
              "name": "debug",
              "path": "/nix/store/srgw0rb4aiyycf9xw3dv3y89q627lkzy-python3-3.14.7-debug"
            }
          ],
          "store_path": "/nix/store/81ag9nxz1flw3xjkv1vvqg8y2ipx2ins-python3-3.14.7"
        },
        "x86_64-linux": {
          "outputs": [
            {
              "name": "out",
              "path": "/nix/store/lb41b0anx1f98y9y5s9mdv97gjgsq740-python3-3.14.7",
              "default": true
            },
            {
              "name": "debug",
              "path": "/nix/store/7wws7qhgbm7g979l50h4z7dwxbgbdbc9-python3-3.14.7-debug"
            }
          ],
          "store_path": "/nix/store/lb41b0anx1f98y9y5s9mdv97gjgsq740-python3-3.14.7"
        }
      }
    }
  }
}
