{
  "lockfile_version": "1",
  "packages": {
    "github:NixOS/nixpkgs/nixpkgs-unstable": {
      "last_modified": "2026-08-19T20:44:59Z",
      "resolved": "github:NixOS/nixpkgs/07e1d92cdc0ed416cfa11ff3ca40d17e61cfba7a?lastModified=1787172299"
    },
    "gnumake": {
      "resolved": "github:NixOS/nixpkgs/ed142ab1b3a092c4d149245d0c4126a5d7ea00b0#gnumake",
      "source": "nixpkg",
      "systems": {
        "aarch64-darwin": {
          "outputs": [
            {
              "name": "man",
              "path": "/nix/store/b5lxm0lk6x1bix95n07cz810qfli84c5-gnumake-4.4.1-man",
              "default": true
            },
            {
              "path": "/nix/store/p15ia8pn2wxzdqaf07nrwdspfwsyrzyn-gnumake-4.4.1",
              "default": true
            }
          ]
        }
      }
    },
    "go@1.26": {
      "last_modified": "2026-08-12T11:28:58Z",
      "resolved": "github:NixOS/nixpkgs/044bfe75bfe4c7bbe043dc17b5e42ea823b84a09#go",
      "source": "devbox-search",
      "version": "1.26.5",
      "systems": {
        "aarch64-darwin": {
          "outputs": [
            {
              "name": "out",
              "path": "/nix/store/4im44k446822ixjai0mdaizqskc90qxr-go-1.26.5",
              "default": true
            }
          ],
          "store_path": "/nix/store/4im44k446822ixjai0mdaizqskc90qxr-go-1.26.5"
        },
        "aarch64-linux": {
          "outputs": [
            {
              "name": "out",
              "path": "/nix/store/yjifjy7qjzm9jli8xhzwy3y6fzw84405-go-1.26.5",
              "default": true
            }
          ],
          "store_path": "/nix/store/yjifjy7qjzm9jli8xhzwy3y6fzw84405-go-1.26.5"
        },
        "x86_64-linux": {
          "outputs": [
            {
              "name": "out",
              "path": "/nix/store/xrgn6m0c5vbz06467q06zdwnk6qqdl7z-go-1.26.5",
              "default": true
            }
          ],
          "store_path": "/nix/store/xrgn6m0c5vbz06467q06zdwnk6qqdl7z-go-1.26.5"
        }
      }
    },
    "python313Packages.pip": {
      "resolved": "github:NixOS/nixpkgs/ed142ab1b3a092c4d149245d0c4126a5d7ea00b0#python313Packages.pip",
      "source": "nixpkg",
      "systems": {
        "aarch64-darwin": {
          "outputs": [
            {
              "name": "man",
              "path": "/nix/store/cfmlr6zisdzk8zkm9s0fv821c73wh4gy-python3.13-pip-25.0.1-man",
              "default": true
            },
            {
              "path": "/nix/store/ck2mg09wq2rs9wlp85zdg56bixcjf9r3-python3.13-pip-25.0.1",
              "default": true
            }
          ]
        }
      }
    },
    "python@3.13": {
      "last_modified": "2026-08-12T11:28:58Z",
      "plugin_version": "0.0.5",
      "resolved": "github:NixOS/nixpkgs/044bfe75bfe4c7bbe043dc17b5e42ea823b84a09#python313",
      "source": "devbox-search",
      "version": "3.13.15",
      "systems": {
        "aarch64-darwin": {
          "outputs": [
            {
              "name": "out",
              "path": "/nix/store/8gg2n5r87vsyy8d78n3s90a9r929c14v-python3-3.13.15",
              "default": true
            }
          ],
          "store_path": "/nix/store/8gg2n5r87vsyy8d78n3s90a9r929c14v-python3-3.13.15"
        },
        "aarch64-linux": {
          "outputs": [
            {
              "name": "out",
              "path": "/nix/store/zbmvgni6v5zb58mad6j14zga05wx5k57-python3-3.13.15",
              "default": true
            },
            {
              "name": "debug",
              "path": "/nix/store/1xj7y74r9yim4mh1a27psgl7c8zym9ld-python3-3.13.15-debug"
            }
          ],
          "store_path": "/nix/store/zbmvgni6v5zb58mad6j14zga05wx5k57-python3-3.13.15"
        },
        "x86_64-linux": {
          "outputs": [
            {
              "name": "out",
              "path": "/nix/store/f5bawl7z7w0qzimg659zg5qn7awmzww5-python3-3.13.15",
              "default": true
            },
            {
              "name": "debug",
              "path": "/nix/store/biis6xqr937r0sk9gzs9i8rvfk2zx05z-python3-3.13.15-debug"
            }
          ],
          "store_path": "/nix/store/f5bawl7z7w0qzimg659zg5qn7awmzww5-python3-3.13.15"
        }
      }
    }
  }
}
